
Microsoft Visual Studio Solution File, Format Version 12.00
# Visual Studio Version 16
VisualStudioVersion = 16.0.31129.286
MinimumVisualStudioVersion = 10.0.40219.1
Project("{9A19103F-16F7-4668-BE54-9A1E7A4F7556}") = "SpecFlowProject", "SpecFlowProject\SpecFlowProject.csproj", "{88545875-02C6-4A9A-8AFC-3953BC90FBF7}"
EndProject
Project("{9A19103F-16F7-4668-BE54-9A1E7A4F7556}") = "SpecUnit", "SpecUnit\SpecUnit.csproj", "{5E2ABE5C-F2E0-409D-9D3E-86120AFD6BFD}"
EndProject
Project("{9A19103F-16F7-4668-BE54-9A1E7A4F7556}") = "TestProject", "TestProject\TestProject.csproj", "{D0BF996A-BC6A-4284-AB7B-8F5CEE066698}"
EndProject
Project("{FAE04EC0-301F-11D3-BF4B-00C04F79EFBC}") = "SpecFlowParallel", "SpecFlowParallel\SpecFlowParallel.csproj", "{F552697F-A198-4487-A944-BAFF04819E65}"
EndProject
Global
	GlobalSection(SolutionConfigurationPlatforms) = preSolution
		Debug|Any CPU = Debug|Any CPU
		Release|Any CPU = Release|Any CPU
	EndGlobalSection
	GlobalSection(ProjectConfigurationPlatforms) = postSolution
		{88545875-02C6-4A9A-8AFC-3953BC90FBF7}.Debug|Any CPU.ActiveCfg = Debug|Any CPU
		{88545875-02C6-4A9A-8AFC-3953BC90FBF7}.Debug|Any CPU.Build.0 = Debug|Any CPU
		{88545875-02C6-4A9A-8AFC-3953BC90FBF7}.Release|Any CPU.ActiveCfg = Release|Any CPU
		{88545875-02C6-4A9A-8AFC-3953BC90FBF7}.Release|Any CPU.Build.0 = Release|Any CPU
		{5E2ABE5C-F2E0-409D-9D3E-86120AFD6BFD}.Debug|Any CPU.ActiveCfg = Debug|Any CPU
		{5E2ABE5C-F2E0-409D-9D3E-86120AFD6BFD}.Debug|Any CPU.Build.0 = Debug|Any CPU
		{5E2ABE5C-F2E0-409D-9D3E-86120AFD6BFD}.Release|Any CPU.ActiveCfg = Release|Any CPU
		{5E2ABE5C-F2E0-409D-9D3E-86120AFD6BFD}.Release|Any CPU.Build.0 = Release|Any CPU
		{D0BF996A-BC6A-4284-AB7B-8F5CEE066698}.Debug|Any CPU.ActiveCfg = Debug|Any CPU
		{D0BF996A-BC6A-4284-AB7B-8F5CEE066698}.Debug|Any CPU.Build.0 = Debug|Any CPU
		{D0BF996A-BC6A-4284-AB7B-8F5CEE066698}.Release|Any CPU.ActiveCfg = Release|Any CPU
		{D0BF996A-BC6A-4284-AB7B-8F5CEE066698}.Release|Any CPU.Build.0 = Release|Any CPU
		{F552697F-A198-4487-A944-BAFF04819E65}.Debug|Any CPU.ActiveCfg = Debug|Any CPU
		{F552697F-A198-4487-A944-BAFF04819E65}.Debug|Any CPU.Build.0 = Debug|Any CPU
		{F552697F-A198-4487-A944-BAFF04819E65}.Release|Any CPU.ActiveCfg = Release|Any CPU
		{F552697F-A198-4487-A944-BAFF04819E65}.Release|Any CPU.Build.0 = Release|Any CPU
	EndGlobalSection
	GlobalSection(SolutionProperties) = preSolution
		HideSolutionNode = FALSE
	EndGlobalSection
	GlobalSection(ExtensibilityGlobals) = postSolution
		SolutionGuid = {0A2CE57C-EF26-4899-A49C-9335A421B71C}
	EndGlobalSection
EndGlobal
